// !$*UTF8*$!
{
	archiveVersion = 1;
	classes = {
	};
	objectVersion = 56;
	objects = {

/* Begin PBXBuildFile section */
		5DC167432937FA27000B49E7 /* AppDelegate.swift in Sources */ = {isa = PBXBuildFile; fileRef = 5DC167422937FA27000B49E7 /* AppDelegate.swift */; };
		5DC167452937FA27000B49E7 /* SceneDelegate.swift in Sources */ = {isa = PBXBuildFile; fileRef = 5DC167442937FA27000B49E7 /* SceneDelegate.swift */; };
		5DC1674C2937FA28000B49E7 /* Assets.xcassets in Resources */ = {isa = PBXBuildFile; fileRef = 5DC1674B2937FA28000B49E7 /* Assets.xcassets */; };
		5DC1674F2937FA28000B49E7 /* LaunchScreen.storyboard in Resources */ = {isa = PBXBuildFile; fileRef = 5DC1674D2937FA28000B49E7 /* LaunchScreen.storyboard */; };
		5DC70BBE2938052800A75CDB /* MainViewController.swift in Sources */ = {isa = PBXBuildFile; fileRef = 5DC70BBC2938052800A75CDB /* MainViewController.swift */; };
		5DC70BBF2938052800A75CDB /* MainViewController.xib in Resources */ = {isa = PBXBuildFile; fileRef = 5DC70BBD2938052800A75CDB /* MainViewController.xib */; };
		5DC70BC829382AB600A75CDB /* HourlyForecastCell.swift in Sources */ = {isa = PBXBuildFile; fileRef = 5DC70BC629382AB600A75CDB /* HourlyForecastCell.swift */; };
		5DC70BC929382AB600A75CDB /* HourlyForecastCell.xib in Resources */ = {isa = PBXBuildFile; fileRef = 5DC70BC729382AB600A75CDB /* HourlyForecastCell.xib */; };
		5DC70BCC2938C99E00A75CDB /* NetworkManager.swift in Sources */ = {isa = PBXBuildFile; fileRef = 5DC70BCB2938C99E00A75CDB /* NetworkManager.swift */; };
		5DC70BCE293A101B00A75CDB /* WeatherResponse.swift in Sources */ = {isa = PBXBuildFile; fileRef = 5DC70BCD293A101B00A75CDB /* WeatherResponse.swift */; };
		5DC70BD0293A177200A75CDB /* MainViewPresenter.swift in Sources */ = {isa = PBXBuildFile; fileRef = 5DC70BCF293A177200A75CDB /* MainViewPresenter.swift */; };
		5DC70BD3293A5C0600A75CDB /* ForecastCell.swift in Sources */ = {isa = PBXBuildFile; fileRef = 5DC70BD1293A5C0600A75CDB /* ForecastCell.swift */; };
		5DC70BD4293A5C0600A75CDB /* ForecastCell.xib in Resources */ = {isa = PBXBuildFile; fileRef = 5DC70BD2293A5C0600A75CDB /* ForecastCell.xib */; };
/* End PBXBuildFile section */

/* Begin PBXFileReference section */
		5DC1673F2937FA27000B49E7 /* WeatherApp.app */ = {isa = PBXFileReference; explicitFileType = wrapper.application; includeInIndex = 0; path = WeatherApp.app; sourceTree = BUILT_PRODUCTS_DIR; };
		5DC167422937FA27000B49E7 /* AppDelegate.swift */ = {isa = PBXFileReference; lastKnownFileType = sourcecode.swift; path = AppDelegate.swift; sourceTree = "<group>"; };
		5DC167442937FA27000B49E7 /* SceneDelegate.swift */ = {isa = PBXFileReference; lastKnownFileType = sourcecode.swift; path = SceneDelegate.swift; sourceTree = "<group>"; };
		5DC1674B2937FA28000B49E7 /* Assets.xcassets */ = {isa = PBXFileReference; lastKnownFileType = folder.assetcatalog; path = Assets.xcassets; sourceTree = "<group>"; };
		5DC1674E2937FA28000B49E7 /* Base */ = {isa = PBXFileReference; lastKnownFileType = file.storyboard; name = Base; path = Base.lproj/LaunchScreen.storyboard; sourceTree = "<group>"; };
		5DC167502937FA28000B49E7 /* Info.plist */ = {isa = PBXFileReference; lastKnownFileType = text.plist.xml; path = Info.plist; sourceTree = "<group>"; };
		5DC70BBC2938052800A75CDB /* MainViewController.swift */ = {isa = PBXFileReference; lastKnownFileType = sourcecode.swift; path = MainViewController.swift; sourceTree = "<group>"; };
		5DC70BBD2938052800A75CDB /* MainViewController.xib */ = {isa = PBXFileReference; lastKnownFileType = file.xib; path = MainViewController.xib; sourceTree = "<group>"; };
		5DC70BC629382AB600A75CDB /* HourlyForecastCell.swift */ = {isa = PBXFileReference; lastKnownFileType = sourcecode.swift; path = HourlyForecastCell.swift; sourceTree = "<group>"; };
		5DC70BC729382AB600A75CDB /* HourlyForecastCell.xib */ = {isa = PBXFileReference; lastKnownFileType = file.xib; path = HourlyForecastCell.xib; sourceTree = "<group>"; };
		5DC70BCB2938C99E00A75CDB /* NetworkManager.swift */ = {isa = PBXFileReference; lastKnownFileType = sourcecode.swift; path = NetworkManager.swift; sourceTree = "<group>"; };
		5DC70BCD293A101B00A75CDB /* WeatherResponse.swift */ = {isa = PBXFileReference; lastKnownFileType = sourcecode.swift; path = WeatherResponse.swift; sourceTree = "<group>"; };
		5DC70BCF293A177200A75CDB /* MainViewPresenter.swift */ = {isa = PBXFileReference; lastKnownFileType = sourcecode.swift; path = MainViewPresenter.swift; sourceTree = "<group>"; };
		5DC70BD1293A5C0600A75CDB /* ForecastCell.swift */ = {isa = PBXFileReference; lastKnownFileType = sourcecode.swift; path = ForecastCell.swift; sourceTree = "<group>"; };
		5DC70BD2293A5C0600A75CDB /* ForecastCell.xib */ = {isa = PBXFileReference; lastKnownFileType = file.xib; path = ForecastCell.xib; sourceTree = "<group>"; };
/* End PBXFileReference section */

/* Begin PBXFrameworksBuildPhase section */
		5DC1673C2937FA27000B49E7 /* Frameworks */ = {
			isa = PBXFrameworksBuildPhase;
			buildActionMask = 2147483647;
			files = (
			);
			runOnlyForDeploymentPostprocessing = 0;
		};
/* End PBXFrameworksBuildPhase section */

/* Begin PBXGroup section */
		5DC167362937FA27000B49E7 = {
			isa = PBXGroup;
			children = (
				5DC167412937FA27000B49E7 /* WeatherApp */,
				5DC167402937FA27000B49E7 /* Products */,
			);
			sourceTree = "<group>";
		};
		5DC167402937FA27000B49E7 /* Products */ = {
			isa = PBXGroup;
			children = (
				5DC1673F2937FA27000B49E7 /* WeatherApp.app */,
			);
			name = Products;
			sourceTree = "<group>";
		};
		5DC167412937FA27000B49E7 /* WeatherApp */ = {
			isa = PBXGroup;
			children = (
				5DC167562937FBC5000B49E7 /* Application */,
				5DC167572937FBCB000B49E7 /* Code */,
				5DC167582937FC21000B49E7 /* Resources */,
				5DC1674D2937FA28000B49E7 /* LaunchScreen.storyboard */,
			);
			path = WeatherApp;
			sourceTree = "<group>";
		};
		5DC167562937FBC5000B49E7 /* Application */ = {
			isa = PBXGroup;
			children = (
				5DC167422937FA27000B49E7 /* AppDelegate.swift */,
				5DC167442937FA27000B49E7 /* SceneDelegate.swift */,
				5DC167502937FA28000B49E7 /* Info.plist */,
			);
			path = Application;
			sourceTree = "<group>";
		};
		5DC167572937FBCB000B49E7 /* Code */ = {
			isa = PBXGroup;
			children = (
				5DC70BCA2938C99000A75CDB /* Managers */,
				5DC1675B2937FC6C000B49E7 /* Views */,
				5DC1675A2937FC65000B49E7 /* Presenters */,
				5DC167592937FC5D000B49E7 /* Models */,
			);
			path = Code;
			sourceTree = "<group>";
		};
		5DC167582937FC21000B49E7 /* Resources */ = {
			isa = PBXGroup;
			children = (
				5DC1674B2937FA28000B49E7 /* Assets.xcassets */,
			);
			path = Resources;
			sourceTree = "<group>";
		};
		5DC167592937FC5D000B49E7 /* Models */ = {
			isa = PBXGroup;
			children = (
				5DC70BCD293A101B00A75CDB /* WeatherResponse.swift */,
			);
			path = Models;
			sourceTree = "<group>";
		};
		5DC1675A2937FC65000B49E7 /* Presenters */ = {
			isa = PBXGroup;
			children = (
				5DC70BCF293A177200A75CDB /* MainViewPresenter.swift */,
			);
			path = Presenters;
			sourceTree = "<group>";
		};
		5DC1675B2937FC6C000B49E7 /* Views */ = {
			isa = PBXGroup;
			children = (
				5DC70BBB293804EB00A75CDB /* MainViewController */,
			);
			path = Views;
			sourceTree = "<group>";
		};
		5DC70BBB293804EB00A75CDB /* MainViewController */ = {
			isa = PBXGroup;
			children = (
				5DC70BC129382A7400A75CDB /* HourlyForecastCell */,
				5DC70BC029382A6800A75CDB /* ForecastCell */,
				5DC70BBC2938052800A75CDB /* MainViewController.swift */,
				5DC70BBD2938052800A75CDB /* MainViewController.xib */,
			);
			path = MainViewController;
			sourceTree = "<group>";
		};
		5DC70BC029382A6800A75CDB /* ForecastCell */ = {
			isa = PBXGroup;
			children = (
				5DC70BD1293A5C0600A75CDB /* ForecastCell.swift */,
				5DC70BD2293A5C0600A75CDB /* ForecastCell.xib */,
			);
			path = ForecastCell;
			sourceTree = "<group>";
		};
		5DC70BC129382A7400A75CDB /* HourlyForecastCell */ = {
			isa = PBXGroup;
			children = (
				5DC70BC629382AB600A75CDB /* HourlyForecastCell.swift */,
				5DC70BC729382AB600A75CDB /* HourlyForecastCell.xib */,
			);
			path = HourlyForecastCell;
			sourceTree = "<group>";
		};
		5DC70BCA2938C99000A75CDB /* Managers */ = {
			isa = PBXGroup;
			children = (
				5DC70BCB2938C99E00A75CDB /* NetworkManager.swift */,
			);
			path = Managers;
			sourceTree = "<group>";
		};
/* End PBXGroup section */

/* Begin PBXNativeTarget section */
		5DC1673E2937FA27000B49E7 /* WeatherApp */ = {
			isa = PBXNativeTarget;
			buildConfigurationList = 5DC167532937FA28000B49E7 /* Build configuration list for PBXNativeTarget "WeatherApp" */;
			buildPhases = (
				5DC1673B2937FA27000B49E7 /* Sources */,
				5DC1673C2937FA27000B49E7 /* Frameworks */,
				5DC1673D2937FA27000B49E7 /* Resources */,
			);
			buildRules = (
			);
			dependencies = (
			);
			name = WeatherApp;
			productName = WeatherApp;
			productReference = 5DC1673F2937FA27000B49E7 /* WeatherApp.app */;
			productType = "com.apple.product-type.application";
		};
/* End PBXNativeTarget section */

/* Begin PBXProject section */
		5DC167372937FA27000B49E7 /* Project object */ = {
			isa = PBXProject;
			attributes = {
				BuildIndependentTargetsInParallel = 1;
				LastSwiftUpdateCheck = 1410;
				LastUpgradeCheck = 1410;
				TargetAttributes = {
					5DC1673E2937FA27000B49E7 = {
						CreatedOnToolsVersion = 14.1;
					};
				};
			};
			buildConfigurationList = 5DC1673A2937FA27000B49E7 /* Build configuration list for PBXProject "WeatherApp" */;
			compatibilityVersion = "Xcode 14.0";
			developmentRegion = en;
			hasScannedForEncodings = 0;
			knownRegions = (
				en,
				Base,
			);
			mainGroup = 5DC167362937FA27000B49E7;
			productRefGroup = 5DC167402937FA27000B49E7 /* Products */;
			projectDirPath = "";
			projectRoot = "";
			targets = (
				5DC1673E2937FA27000B49E7 /* WeatherApp */,
			);
		};
/* End PBXProject section */

/* Begin PBXResourcesBuildPhase section */
		5DC1673D2937FA27000B49E7 /* Resources */ = {
			isa = PBXResourcesBuildPhase;
			buildActionMask = 2147483647;
			files = (
				5DC1674F2937FA28000B49E7 /* LaunchScreen.storyboard in Resources */,
				5DC70BBF2938052800A75CDB /* MainViewController.xib in Resources */,
				5DC70BD4293A5C0600A75CDB /* ForecastCell.xib in Resources */,
				5DC70BC929382AB600A75CDB /* HourlyForecastCell.xib in Resources */,
				5DC1674C2937FA28000B49E7 /* Assets.xcassets in Resources */,
			);
			runOnlyForDeploymentPostprocessing = 0;
		};
/* End PBXResourcesBuildPhase section */

/* Begin PBXSourcesBuildPhase section */
		5DC1673B2937FA27000B49E7 /* Sources */ = {
			isa = PBXSourcesBuildPhase;
			buildActionMask = 2147483647;
			files = (
				5DC70BCC2938C99E00A75CDB /* NetworkManager.swift in Sources */,
				5DC70BD0293A177200A75CDB /* MainViewPresenter.swift in Sources */,
				5DC70BC829382AB600A75CDB /* HourlyForecastCell.swift in Sources */,
				5DC70BCE293A101B00A75CDB /* WeatherResponse.swift in Sources */,
				5DC70BD3293A5C0600A75CDB /* ForecastCell.swift in Sources */,
				5DC70BBE2938052800A75CDB /* MainViewController.swift in Sources */,
				5DC167432937FA27000B49E7 /* AppDelegate.swift in Sources */,
				5DC167452937FA27000B49E7 /* SceneDelegate.swift in Sources */,
			);
			runOnlyForDeploymentPostprocessing = 0;
		};
/* End PBXSourcesBuildPhase section */

/* Begin PBXVariantGroup section */
		5DC1674D2937FA28000B49E7 /* LaunchScreen.storyboard */ = {
			isa = PBXVariantGroup;
			children = (
				5DC1674E2937FA28000B49E7 /* Base */,
			);
			name = LaunchScreen.storyboard;
			sourceTree = "<group>";
		};
/* End PBXVariantGroup section */

/* Begin XCBuildConfiguration section */
		5DC167512937FA28000B49E7 /* Debug */ = {
			isa = XCBuildConfiguration;
			buildSettings = {
				ALWAYS_SEARCH_USER_PATHS = NO;
				CLANG_ANALYZER_NONNULL = YES;
				CLANG_ANALYZER_NUMBER_OBJECT_CONVERSION = YES_AGGRESSIVE;
				CLANG_CXX_LANGUAGE_STANDARD = "gnu++20";
				CLANG_ENABLE_MODULES = YES;
				CLANG_ENABLE_OBJC_ARC = YES;
				CLANG_ENABLE_OBJC_WEAK = YES;
				CLANG_WARN_BLOCK_CAPTURE_AUTORELEASING = YES;
				CLANG_WARN_BOOL_CONVERSION = YES;
				CLANG_WARN_COMMA = YES;
				CLANG_WARN_CONSTANT_CONVERSION = YES;
				CLANG_WARN_DEPRECATED_OBJC_IMPLEMENTATIONS = YES;
				CLANG_WARN_DIRECT_OBJC_ISA_USAGE = YES_ERROR;
				CLANG_WARN_DOCUMENTATION_COMMENTS = YES;
				CLANG_WARN_EMPTY_BODY = YES;
				CLANG_WARN_ENUM_CONVERSION = YES;
				CLANG_WARN_INFINITE_RECURSION = YES;
				CLANG_WARN_INT_CONVERSION = YES;
				CLANG_WARN_NON_LITERAL_NULL_CONVERSION = YES;
				CLANG_WARN_OBJC_IMPLICIT_RETAIN_SELF = YES;
				CLANG_WARN_OBJC_LITERAL_CONVERSION = YES;
				CLANG_WARN_OBJC_ROOT_CLASS = YES_ERROR;
				CLANG_WARN_QUOTED_INCLUDE_IN_FRAMEWORK_HEADER = YES;
				CLANG_WARN_RANGE_LOOP_ANALYSIS = YES;
				CLANG_WARN_STRICT_PROTOTYPES = YES;
				CLANG_WARN_SUSPICIOUS_MOVE = YES;
				CLANG_WARN_UNGUARDED_AVAILABILITY = YES_AGGRESSIVE;
				CLANG_WARN_UNREACHABLE_CODE = YES;
				CLANG_WARN__DUPLICATE_METHOD_MATCH = YES;
				COPY_PHASE_STRIP = NO;
				DEBUG_INFORMATION_FORMAT = dwarf;
				ENABLE_STRICT_OBJC_MSGSEND = YES;
				ENABLE_TESTABILITY = YES;
				GCC_C_LANGUAGE_STANDARD = gnu11;
				GCC_DYNAMIC_NO_PIC = NO;
				GCC_NO_COMMON_BLOCKS = YES;
				GCC_OPTIMIZATION_LEVEL = 0;
				GCC_PREPROCESSOR_DEFINITIONS = (
					"DEBUG=1",
					"$(inherited)",
				);
				GCC_WARN_64_TO_32_BIT_CONVERSION = YES;
				GCC_WARN_ABOUT_RETURN_TYPE = YES_ERROR;
				GCC_WARN_UNDECLARED_SELECTOR = YES;
				GCC_WARN_UNINITIALIZED_AUTOS = YES_AGGRESSIVE;
				GCC_WARN_UNUSED_FUNCTION = YES;
				GCC_WARN_UNUSED_VARIABLE = YES;
				IPHONEOS_DEPLOYMENT_TARGET = 16.1;
				MTL_ENABLE_DEBUG_INFO = INCLUDE_SOURCE;
				MTL_FAST_MATH = YES;
				ONLY_ACTIVE_ARCH = YES;
				SDKROOT = iphoneos;
				SWIFT_ACTIVE_COMPILATION_CONDITIONS = DEBUG;
				SWIFT_OPTIMIZATION_LEVEL = "-Onone";
			};
			name = Debug;
		};
		5DC167522937FA28000B49E7 /* Release */ = {
			isa = XCBuildConfiguration;
			buildSettings = {
				ALWAYS_SEARCH_USER_PATHS = NO;
				CLANG_ANALYZER_NONNULL = YES;
				CLANG_ANALYZER_NUMBER_OBJECT_CONVERSION = YES_AGGRESSIVE;
				CLANG_CXX_LANGUAGE_STANDARD = "gnu++20";
				CLANG_ENABLE_MODULES = YES;
				CLANG_ENABLE_OBJC_ARC = YES;
				CLANG_ENABLE_OBJC_WEAK = YES;
				CLANG_WARN_BLOCK_CAPTURE_AUTORELEASING = YES;
				CLANG_WARN_BOOL_CONVERSION = YES;
				CLANG_WARN_COMMA = YES;
				CLANG_WARN_CONSTANT_CONVERSION = YES;
				CLANG_WARN_DEPRECATED_OBJC_IMPLEMENTATIONS = YES;
				CLANG_WARN_DIRECT_OBJC_ISA_USAGE = YES_ERROR;
				CLANG_WARN_DOCUMENTATION_COMMENTS = YES;
				CLANG_WARN_EMPTY_BODY = YES;
				CLANG_WARN_ENUM_CONVERSION = YES;
				CLANG_WARN_INFINITE_RECURSION = YES;
				CLANG_WARN_INT_CONVERSION = YES;
				CLANG_WARN_NON_LITERAL_NULL_CONVERSION = YES;
				CLANG_WARN_OBJC_IMPLICIT_RETAIN_SELF = YES;
				CLANG_WARN_OBJC_LITERAL_CONVERSION = YES;
				CLANG_WARN_OBJC_ROOT_CLASS = YES_ERROR;
				CLANG_WARN_QUOTED_INCLUDE_IN_FRAMEWORK_HEADER = YES;
				CLANG_WARN_RANGE_LOOP_ANALYSIS = YES;
				CLANG_WARN_STRICT_PROTOTYPES = YES;
				CLANG_WARN_SUSPICIOUS_MOVE = YES;
				CLANG_WARN_UNGUARDED_AVAILABILITY = YES_AGGRESSIVE;
				CLANG_WARN_UNREACHABLE_CODE = YES;
				CLANG_WARN__DUPLICATE_METHOD_MATCH = YES;
				COPY_PHASE_STRIP = NO;
				DEBUG_INFORMATION_FORMAT = "dwarf-with-dsym";
				ENABLE_NS_ASSERTIONS = NO;
				ENABLE_STRICT_OBJC_MSGSEND = YES;
				GCC_C_LANGUAGE_STANDARD = gnu11;
				GCC_NO_COMMON_BLOCKS = YES;
				GCC_WARN_64_TO_32_BIT_CONVERSION = YES;
				GCC_WARN_ABOUT_RETURN_TYPE = YES_ERROR;
				GCC_WARN_UNDECLARED_SELECTOR = YES;
				GCC_WARN_UNINITIALIZED_AUTOS = YES_AGGRESSIVE;
				GCC_WARN_UNUSED_FUNCTION = YES;
				GCC_WARN_UNUSED_VARIABLE = YES;
				IPHONEOS_DEPLOYMENT_TARGET = 16.1;
				MTL_ENABLE_DEBUG_INFO = NO;
				MTL_FAST_MATH = YES;
				SDKROOT = iphoneos;
				SWIFT_COMPILATION_MODE = wholemodule;
				SWIFT_OPTIMIZATION_LEVEL = "-O";
				VALIDATE_PRODUCT = YES;
			};
			name = Release;
		};
		5DC167542937FA28000B49E7 /* Debug */ = {
			isa = XCBuildConfiguration;
			buildSettings = {
				ASSETCATALOG_COMPILER_APPICON_NAME = AppIcon;
				ASSETCATALOG_COMPILER_GLOBAL_ACCENT_COLOR_NAME = AccentColor;
				CODE_SIGN_STYLE = Automatic;
				CURRENT_PROJECT_VERSION = 1;
				DEVELOPMENT_TEAM = 4SPJS2ZBYA;
				GENERATE_INFOPLIST_FILE = YES;
				INFOPLIST_FILE = WeatherApp/Application/Info.plist;
				INFOPLIST_KEY_UIApplicationSupportsIndirectInputEvents = YES;
				INFOPLIST_KEY_UILaunchStoryboardName = LaunchScreen;
				INFOPLIST_KEY_UISupportedInterfaceOrientations_iPad = "UIInterfaceOrientationPortrait UIInterfaceOrientationPortraitUpsideDown UIInterfaceOrientationLandscapeLeft UIInterfaceOrientationLandscapeRight";
				INFOPLIST_KEY_UISupportedInterfaceOrientations_iPhone = "UIInterfaceOrientationPortrait UIInterfaceOrientationLandscapeLeft UIInterfaceOrientationLandscapeRight";
				IPHONEOS_DEPLOYMENT_TARGET = 16.0;
				LD_RUNPATH_SEARCH_PATHS = (
					"$(inherited)",
					"@executable_path/Frameworks",
				);
				MARKETING_VERSION = 1.0;
				PRODUCT_BUNDLE_IDENTIFIER = alina.com.WeatherApp;
				PRODUCT_NAME = "$(TARGET_NAME)";
				SWIFT_EMIT_LOC_STRINGS = YES;
				SWIFT_VERSION = 5.0;
				TARGETED_DEVICE_FAMILY = "1,2";
			};
			name = Debug;
		};
		5DC167552937FA28000B49E7 /* Release */ = {
			isa = XCBuildConfiguration;
			buildSettings = {
				ASSETCATALOG_COMPILER_APPICON_NAME = AppIcon;
				ASSETCATALOG_COMPILER_GLOBAL_ACCENT_COLOR_NAME = AccentColor;
				CODE_SIGN_STYLE = Automatic;
				CURRENT_PROJECT_VERSION = 1;
				DEVELOPMENT_TEAM = 4SPJS2ZBYA;
				GENERATE_INFOPLIST_FILE = YES;
				INFOPLIST_FILE = WeatherApp/Application/Info.plist;
				INFOPLIST_KEY_UIApplicationSupportsIndirectInputEvents = YES;
				INFOPLIST_KEY_UILaunchStoryboardName = LaunchScreen;
				INFOPLIST_KEY_UISupportedInterfaceOrientations_iPad = "UIInterfaceOrientationPortrait UIInterfaceOrientationPortraitUpsideDown UIInterfaceOrientationLandscapeLeft UIInterfaceOrientationLandscapeRight";
				INFOPLIST_KEY_UISupportedInterfaceOrientations_iPhone = "UIInterfaceOrientationPortrait UIInterfaceOrientationLandscapeLeft UIInterfaceOrientationLandscapeRight";
				IPHONEOS_DEPLOYMENT_TARGET = 16.0;
				LD_RUNPATH_SEARCH_PATHS = (
					"$(inherited)",
					"@executable_path/Frameworks",
				);
				MARKETING_VERSION = 1.0;
				PRODUCT_BUNDLE_IDENTIFIER = alina.com.WeatherApp;
				PRODUCT_NAME = "$(TARGET_NAME)";
				SWIFT_EMIT_LOC_STRINGS = YES;
				SWIFT_VERSION = 5.0;
				TARGETED_DEVICE_FAMILY = "1,2";
			};
			name = Release;
		};
/* End XCBuildConfiguration section */

/* Begin XCConfigurationList section */
		5DC1673A2937FA27000B49E7 /* Build configuration list for PBXProject "WeatherApp" */ = {
			isa = XCConfigurationList;
			buildConfigurations = (
				5DC167512937FA28000B49E7 /* Debug */,
				5DC167522937FA28000B49E7 /* Release */,
			);
			defaultConfigurationIsVisible = 0;
			defaultConfigurationName = Release;
		};
		5DC167532937FA28000B49E7 /* Build configuration list for PBXNativeTarget "WeatherApp" */ = {
			isa = XCConfigurationList;
			buildConfigurations = (
				5DC167542937FA28000B49E7 /* Debug */,
				5DC167552937FA28000B49E7 /* Release */,
			);
			defaultConfigurationIsVisible = 0;
			defaultConfigurationName = Release;
		};
/* End XCConfigurationList section */
	};
	rootObject = 5DC167372937FA27000B49E7 /* Project object */;
}
