// !$*UTF8*$!
{
	archiveVersion = 1;
	classes = {
	};
	objectVersion = 56;
	objects = {

/* Begin PBXBuildFile section */
		5599AC4C0324FC77CB7E2092 /* Pods_WeatherApp.framework in Frameworks */ = {isa = PBXBuildFile; fileRef = 28E38B387ACCCF45B997E586 /* Pods_WeatherApp.framework */; };
		5DB03810293A80B80032D347 /* Constants.swift in Sources */ = {isa = PBXBuildFile; fileRef = 5DB0380F293A80B80032D347 /* Constants.swift */; };
		5DB03815293AB1A20032D347 /* Extensions+String.swift in Sources */ = {isa = PBXBuildFile; fileRef = 5DB03814293AB1A20032D347 /* Extensions+String.swift */; };
		5DB03818293B63180032D347 /* WindDirection.swift in Sources */ = {isa = PBXBuildFile; fileRef = 5DB03817293B63180032D347 /* WindDirection.swift */; };
		5DB0381B293B70000032D347 /* LoadingView.swift in Sources */ = {isa = PBXBuildFile; fileRef = 5DB0381A293B70000032D347 /* LoadingView.swift */; };
		5DB0381D293B70BC0032D347 /* Extensions+UIView.swift in Sources */ = {isa = PBXBuildFile; fileRef = 5DB0381C293B70BC0032D347 /* Extensions+UIView.swift */; };
		5DB03821293C03330032D347 /* HourlyCollectionViewCell.swift in Sources */ = {isa = PBXBuildFile; fileRef = 5DB0381F293C03330032D347 /* HourlyCollectionViewCell.swift */; };
		5DB03822293C03330032D347 /* HourlyCollectionViewCell.xib in Resources */ = {isa = PBXBuildFile; fileRef = 5DB03820293C03330032D347 /* HourlyCollectionViewCell.xib */; };
		5DB03825293CB22D0032D347 /* SearchViewController.swift in Sources */ = {isa = PBXBuildFile; fileRef = 5DB03824293CB22D0032D347 /* SearchViewController.swift */; };
		5DB03828293CB2B80032D347 /* MapViewController.swift in Sources */ = {isa = PBXBuildFile; fileRef = 5DB03827293CB2B80032D347 /* MapViewController.swift */; };
		5DB0382B293CB5930032D347 /* ResultsViewController.swift in Sources */ = {isa = PBXBuildFile; fileRef = 5DB0382A293CB5930032D347 /* ResultsViewController.swift */; };
		5DB03833293E04F60032D347 /* GooglePlacesManager.swift in Sources */ = {isa = PBXBuildFile; fileRef = 5DB03832293E04F60032D347 /* GooglePlacesManager.swift */; };
		5DC167432937FA27000B49E7 /* AppDelegate.swift in Sources */ = {isa = PBXBuildFile; fileRef = 5DC167422937FA27000B49E7 /* AppDelegate.swift */; };
		5DC167452937FA27000B49E7 /* SceneDelegate.swift in Sources */ = {isa = PBXBuildFile; fileRef = 5DC167442937FA27000B49E7 /* SceneDelegate.swift */; };
		5DC1674C2937FA28000B49E7 /* Assets.xcassets in Resources */ = {isa = PBXBuildFile; fileRef = 5DC1674B2937FA28000B49E7 /* Assets.xcassets */; };
		5DC1674F2937FA28000B49E7 /* LaunchScreen.storyboard in Resources */ = {isa = PBXBuildFile; fileRef = 5DC1674D2937FA28000B49E7 /* LaunchScreen.storyboard */; };
		5DC70BBE2938052800A75CDB /* MainViewController.swift in Sources */ = {isa = PBXBuildFile; fileRef = 5DC70BBC2938052800A75CDB /* MainViewController.swift */; };
		5DC70BBF2938052800A75CDB /* MainViewController.xib in Resources */ = {isa = PBXBuildFile; fileRef = 5DC70BBD2938052800A75CDB /* MainViewController.xib */; };
		5DC70BC829382AB600A75CDB /* HourlyForecastCell.swift in Sources */ = {isa = PBXBuildFile; fileRef = 5DC70BC629382AB600A75CDB /* HourlyForecastCell.swift */; };
		5DC70BC929382AB600A75CDB /* HourlyForecastCell.xib in Resources */ = {isa = PBXBuildFile; fileRef = 5DC70BC729382AB600A75CDB /* HourlyForecastCell.xib */; };
		5DC70BCC2938C99E00A75CDB /* NetworkManager.swift in Sources */ = {isa = PBXBuildFile; fileRef = 5DC70BCB2938C99E00A75CDB /* NetworkManager.swift */; };
		5DC70BCE293A101B00A75CDB /* WeatherResponse.swift in Sources */ = {isa = PBXBuildFile; fileRef = 5DC70BCD293A101B00A75CDB /* WeatherResponse.swift */; };
		5DC70BD0293A177200A75CDB /* MainViewPresenter.swift in Sources */ = {isa = PBXBuildFile; fileRef = 5DC70BCF293A177200A75CDB /* MainViewPresenter.swift */; };
		5DC70BD3293A5C0600A75CDB /* ForecastCell.swift in Sources */ = {isa = PBXBuildFile; fileRef = 5DC70BD1293A5C0600A75CDB /* ForecastCell.swift */; };
		5DC70BD4293A5C0600A75CDB /* ForecastCell.xib in Resources */ = {isa = PBXBuildFile; fileRef = 5DC70BD2293A5C0600A75CDB /* ForecastCell.xib */; };
		5DD45BA2293F47ED00B8150F /* MapViewPresenter.swift in Sources */ = {isa = PBXBuildFile; fileRef = 5DD45BA1293F47ED00B8150F /* MapViewPresenter.swift */; };
		5DD45BA4293F7BF600B8150F /* DependencyInjectionManager.swift in Sources */ = {isa = PBXBuildFile; fileRef = 5DD45BA3293F7BF600B8150F /* DependencyInjectionManager.swift */; };
/* End PBXBuildFile section */

/* Begin PBXFileReference section */
		28E38B387ACCCF45B997E586 /* Pods_WeatherApp.framework */ = {isa = PBXFileReference; explicitFileType = wrapper.framework; includeInIndex = 0; path = Pods_WeatherApp.framework; sourceTree = BUILT_PRODUCTS_DIR; };
		5DB0380F293A80B80032D347 /* Constants.swift */ = {isa = PBXFileReference; lastKnownFileType = sourcecode.swift; path = Constants.swift; sourceTree = "<group>"; };
		5DB03814293AB1A20032D347 /* Extensions+String.swift */ = {isa = PBXFileReference; lastKnownFileType = sourcecode.swift; path = "Extensions+String.swift"; sourceTree = "<group>"; };
		5DB03817293B63180032D347 /* WindDirection.swift */ = {isa = PBXFileReference; lastKnownFileType = sourcecode.swift; path = WindDirection.swift; sourceTree = "<group>"; };
		5DB0381A293B70000032D347 /* LoadingView.swift */ = {isa = PBXFileReference; lastKnownFileType = sourcecode.swift; path = LoadingView.swift; sourceTree = "<group>"; };
		5DB0381C293B70BC0032D347 /* Extensions+UIView.swift */ = {isa = PBXFileReference; lastKnownFileType = sourcecode.swift; path = "Extensions+UIView.swift"; sourceTree = "<group>"; };
		5DB0381F293C03330032D347 /* HourlyCollectionViewCell.swift */ = {isa = PBXFileReference; lastKnownFileType = sourcecode.swift; path = HourlyCollectionViewCell.swift; sourceTree = "<group>"; };
		5DB03820293C03330032D347 /* HourlyCollectionViewCell.xib */ = {isa = PBXFileReference; lastKnownFileType = file.xib; path = HourlyCollectionViewCell.xib; sourceTree = "<group>"; };
		5DB03824293CB22D0032D347 /* SearchViewController.swift */ = {isa = PBXFileReference; lastKnownFileType = sourcecode.swift; path = SearchViewController.swift; sourceTree = "<group>"; };
		5DB03827293CB2B80032D347 /* MapViewController.swift */ = {isa = PBXFileReference; lastKnownFileType = sourcecode.swift; path = MapViewController.swift; sourceTree = "<group>"; };
		5DB0382A293CB5930032D347 /* ResultsViewController.swift */ = {isa = PBXFileReference; lastKnownFileType = sourcecode.swift; path = ResultsViewController.swift; sourceTree = "<group>"; };
		5DB03832293E04F60032D347 /* GooglePlacesManager.swift */ = {isa = PBXFileReference; lastKnownFileType = sourcecode.swift; path = GooglePlacesManager.swift; sourceTree = "<group>"; };
		5DC1673F2937FA27000B49E7 /* WeatherApp.app */ = {isa = PBXFileReference; explicitFileType = wrapper.application; includeInIndex = 0; path = WeatherApp.app; sourceTree = BUILT_PRODUCTS_DIR; };
		5DC167422937FA27000B49E7 /* AppDelegate.swift */ = {isa = PBXFileReference; lastKnownFileType = sourcecode.swift; path = AppDelegate.swift; sourceTree = "<group>"; };
		5DC167442937FA27000B49E7 /* SceneDelegate.swift */ = {isa = PBXFileReference; lastKnownFileType = sourcecode.swift; path = SceneDelegate.swift; sourceTree = "<group>"; };
		5DC1674B2937FA28000B49E7 /* Assets.xcassets */ = {isa = PBXFileReference; lastKnownFileType = folder.assetcatalog; path = Assets.xcassets; sourceTree = "<group>"; };
		5DC1674E2937FA28000B49E7 /* Base */ = {isa = PBXFileReference; lastKnownFileType = file.storyboard; name = Base; path = Base.lproj/LaunchScreen.storyboard; sourceTree = "<group>"; };
		5DC167502937FA28000B49E7 /* Info.plist */ = {isa = PBXFileReference; lastKnownFileType = text.plist.xml; path = Info.plist; sourceTree = "<group>"; };
		5DC70BBC2938052800A75CDB /* MainViewController.swift */ = {isa = PBXFileReference; lastKnownFileType = sourcecode.swift; path = MainViewController.swift; sourceTree = "<group>"; };
		5DC70BBD2938052800A75CDB /* MainViewController.xib */ = {isa = PBXFileReference; lastKnownFileType = file.xib; path = MainViewController.xib; sourceTree = "<group>"; };
		5DC70BC629382AB600A75CDB /* HourlyForecastCell.swift */ = {isa = PBXFileReference; lastKnownFileType = sourcecode.swift; path = HourlyForecastCell.swift; sourceTree = "<group>"; };
		5DC70BC729382AB600A75CDB /* HourlyForecastCell.xib */ = {isa = PBXFileReference; lastKnownFileType = file.xib; path = HourlyForecastCell.xib; sourceTree = "<group>"; };
		5DC70BCB2938C99E00A75CDB /* NetworkManager.swift */ = {isa = PBXFileReference; lastKnownFileType = sourcecode.swift; path = NetworkManager.swift; sourceTree = "<group>"; };
		5DC70BCD293A101B00A75CDB /* WeatherResponse.swift */ = {isa = PBXFileReference; lastKnownFileType = sourcecode.swift; path = WeatherResponse.swift; sourceTree = "<group>"; };
		5DC70BCF293A177200A75CDB /* MainViewPresenter.swift */ = {isa = PBXFileReference; lastKnownFileType = sourcecode.swift; path = MainViewPresenter.swift; sourceTree = "<group>"; };
		5DC70BD1293A5C0600A75CDB /* ForecastCell.swift */ = {isa = PBXFileReference; lastKnownFileType = sourcecode.swift; path = ForecastCell.swift; sourceTree = "<group>"; };
		5DC70BD2293A5C0600A75CDB /* ForecastCell.xib */ = {isa = PBXFileReference; lastKnownFileType = file.xib; path = ForecastCell.xib; sourceTree = "<group>"; };
		5DD45BA1293F47ED00B8150F /* MapViewPresenter.swift */ = {isa = PBXFileReference; lastKnownFileType = sourcecode.swift; path = MapViewPresenter.swift; sourceTree = "<group>"; };
		5DD45BA3293F7BF600B8150F /* DependencyInjectionManager.swift */ = {isa = PBXFileReference; lastKnownFileType = sourcecode.swift; path = DependencyInjectionManager.swift; sourceTree = "<group>"; };
		78028143D61FD42388C3B38A /* Pods-WeatherApp.debug.xcconfig */ = {isa = PBXFileReference; includeInIndex = 1; lastKnownFileType = text.xcconfig; name = "Pods-WeatherApp.debug.xcconfig"; path = "Target Support Files/Pods-WeatherApp/Pods-WeatherApp.debug.xcconfig"; sourceTree = "<group>"; };
		E6F4EDE74CF21ED8DBD96700 /* Pods-WeatherApp.release.xcconfig */ = {isa = PBXFileReference; includeInIndex = 1; lastKnownFileType = text.xcconfig; name = "Pods-WeatherApp.release.xcconfig"; path = "Target Support Files/Pods-WeatherApp/Pods-WeatherApp.release.xcconfig"; sourceTree = "<group>"; };
/* End PBXFileReference section */

/* Begin PBXFrameworksBuildPhase section */
		5DC1673C2937FA27000B49E7 /* Frameworks */ = {
			isa = PBXFrameworksBuildPhase;
			buildActionMask = 2147483647;
			files = (
				5599AC4C0324FC77CB7E2092 /* Pods_WeatherApp.framework in Frameworks */,
			);
			runOnlyForDeploymentPostprocessing = 0;
		};
/* End PBXFrameworksBuildPhase section */

/* Begin PBXGroup section */
		5DB0380E293A80A90032D347 /* Constants */ = {
			isa = PBXGroup;
			children = (
				5DB0380F293A80B80032D347 /* Constants.swift */,
			);
			path = Constants;
			sourceTree = "<group>";
		};
		5DB03813293AB18D0032D347 /* Extensions */ = {
			isa = PBXGroup;
			children = (
				5DB03814293AB1A20032D347 /* Extensions+String.swift */,
				5DB0381C293B70BC0032D347 /* Extensions+UIView.swift */,
			);
			path = Extensions;
			sourceTree = "<group>";
		};
		5DB03816293B630B0032D347 /* WindDirection */ = {
			isa = PBXGroup;
			children = (
				5DB03817293B63180032D347 /* WindDirection.swift */,
			);
			path = WindDirection;
			sourceTree = "<group>";
		};
		5DB03819293B6FF20032D347 /* LoadingView */ = {
			isa = PBXGroup;
			children = (
				5DB0381A293B70000032D347 /* LoadingView.swift */,
			);
			path = LoadingView;
			sourceTree = "<group>";
		};
		5DB0381E293C030A0032D347 /* HourlyCollectionViewCell */ = {
			isa = PBXGroup;
			children = (
				5DB0381F293C03330032D347 /* HourlyCollectionViewCell.swift */,
				5DB03820293C03330032D347 /* HourlyCollectionViewCell.xib */,
			);
			path = HourlyCollectionViewCell;
			sourceTree = "<group>";
		};
		5DB03823293CB2160032D347 /* SearchViewController */ = {
			isa = PBXGroup;
			children = (
				5DB03829293CB5800032D347 /* ResultsViewController */,
				5DB03824293CB22D0032D347 /* SearchViewController.swift */,
			);
			path = SearchViewController;
			sourceTree = "<group>";
		};
		5DB03826293CB2970032D347 /* MapViewController */ = {
			isa = PBXGroup;
			children = (
				5DB03827293CB2B80032D347 /* MapViewController.swift */,
			);
			path = MapViewController;
			sourceTree = "<group>";
		};
		5DB03829293CB5800032D347 /* ResultsViewController */ = {
			isa = PBXGroup;
			children = (
				5DB0382A293CB5930032D347 /* ResultsViewController.swift */,
			);
			path = ResultsViewController;
			sourceTree = "<group>";
		};
		5DC167362937FA27000B49E7 = {
			isa = PBXGroup;
			children = (
				5DC167412937FA27000B49E7 /* WeatherApp */,
				5DC167402937FA27000B49E7 /* Products */,
				BA71C7ED624B1673206CD2A6 /* Pods */,
				69CD171436FD1DAC17075FA1 /* Frameworks */,
			);
			sourceTree = "<group>";
		};
		5DC167402937FA27000B49E7 /* Products */ = {
			isa = PBXGroup;
			children = (
				5DC1673F2937FA27000B49E7 /* WeatherApp.app */,
			);
			name = Products;
			sourceTree = "<group>";
		};
		5DC167412937FA27000B49E7 /* WeatherApp */ = {
			isa = PBXGroup;
			children = (
				5DC167562937FBC5000B49E7 /* Application */,
				5DC167572937FBCB000B49E7 /* Code */,
				5DC167582937FC21000B49E7 /* Resources */,
				5DC1674D2937FA28000B49E7 /* LaunchScreen.storyboard */,
			);
			path = WeatherApp;
			sourceTree = "<group>";
		};
		5DC167562937FBC5000B49E7 /* Application */ = {
			isa = PBXGroup;
			children = (
				5DC167422937FA27000B49E7 /* AppDelegate.swift */,
				5DC167442937FA27000B49E7 /* SceneDelegate.swift */,
				5DC167502937FA28000B49E7 /* Info.plist */,
			);
			path = Application;
			sourceTree = "<group>";
		};
		5DC167572937FBCB000B49E7 /* Code */ = {
			isa = PBXGroup;
			children = (
				5DB03816293B630B0032D347 /* WindDirection */,
				5DB0380E293A80A90032D347 /* Constants */,
				5DC70BCA2938C99000A75CDB /* Managers */,
				5DC1675B2937FC6C000B49E7 /* Views */,
				5DC1675A2937FC65000B49E7 /* Presenters */,
				5DC167592937FC5D000B49E7 /* Models */,
			);
			path = Code;
			sourceTree = "<group>";
		};
		5DC167582937FC21000B49E7 /* Resources */ = {
			isa = PBXGroup;
			children = (
				5DB03813293AB18D0032D347 /* Extensions */,
				5DC1674B2937FA28000B49E7 /* Assets.xcassets */,
			);
			path = Resources;
			sourceTree = "<group>";
		};
		5DC167592937FC5D000B49E7 /* Models */ = {
			isa = PBXGroup;
			children = (
				5DC70BCD293A101B00A75CDB /* WeatherResponse.swift */,
			);
			path = Models;
			sourceTree = "<group>";
		};
		5DC1675A2937FC65000B49E7 /* Presenters */ = {
			isa = PBXGroup;
			children = (
				5DC70BCF293A177200A75CDB /* MainViewPresenter.swift */,
				5DD45BA1293F47ED00B8150F /* MapViewPresenter.swift */,
			);
			path = Presenters;
			sourceTree = "<group>";
		};
		5DC1675B2937FC6C000B49E7 /* Views */ = {
			isa = PBXGroup;
			children = (
				5DB03826293CB2970032D347 /* MapViewController */,
				5DB03823293CB2160032D347 /* SearchViewController */,
				5DB03819293B6FF20032D347 /* LoadingView */,
				5DC70BBB293804EB00A75CDB /* MainViewController */,
			);
			path = Views;
			sourceTree = "<group>";
		};
		5DC70BBB293804EB00A75CDB /* MainViewController */ = {
			isa = PBXGroup;
			children = (
				5DB0381E293C030A0032D347 /* HourlyCollectionViewCell */,
				5DC70BC129382A7400A75CDB /* HourlyForecastCell */,
				5DC70BC029382A6800A75CDB /* ForecastCell */,
				5DC70BBC2938052800A75CDB /* MainViewController.swift */,
				5DC70BBD2938052800A75CDB /* MainViewController.xib */,
			);
			path = MainViewController;
			sourceTree = "<group>";
		};
		5DC70BC029382A6800A75CDB /* ForecastCell */ = {
			isa = PBXGroup;
			children = (
				5DC70BD1293A5C0600A75CDB /* ForecastCell.swift */,
				5DC70BD2293A5C0600A75CDB /* ForecastCell.xib */,
			);
			path = ForecastCell;
			sourceTree = "<group>";
		};
		5DC70BC129382A7400A75CDB /* HourlyForecastCell */ = {
			isa = PBXGroup;
			children = (
				5DC70BC629382AB600A75CDB /* HourlyForecastCell.swift */,
				5DC70BC729382AB600A75CDB /* HourlyForecastCell.xib */,
			);
			path = HourlyForecastCell;
			sourceTree = "<group>";
		};
		5DC70BCA2938C99000A75CDB /* Managers */ = {
			isa = PBXGroup;
			children = (
				5DC70BCB2938C99E00A75CDB /* NetworkManager.swift */,
				5DB03832293E04F60032D347 /* GooglePlacesManager.swift */,
				5DD45BA3293F7BF600B8150F /* DependencyInjectionManager.swift */,
			);
			path = Managers;
			sourceTree = "<group>";
		};
		69CD171436FD1DAC17075FA1 /* Frameworks */ = {
			isa = PBXGroup;
			children = (
				28E38B387ACCCF45B997E586 /* Pods_WeatherApp.framework */,
			);
			name = Frameworks;
			sourceTree = "<group>";
		};
		BA71C7ED624B1673206CD2A6 /* Pods */ = {
			isa = PBXGroup;
			children = (
				78028143D61FD42388C3B38A /* Pods-WeatherApp.debug.xcconfig */,
				E6F4EDE74CF21ED8DBD96700 /* Pods-WeatherApp.release.xcconfig */,
			);
			path = Pods;
			sourceTree = "<group>";
		};
/* End PBXGroup section */

/* Begin PBXNativeTarget section */
		5DC1673E2937FA27000B49E7 /* WeatherApp */ = {
			isa = PBXNativeTarget;
			buildConfigurationList = 5DC167532937FA28000B49E7 /* Build configuration list for PBXNativeTarget "WeatherApp" */;
			buildPhases = (
				DFE1A1574AC53B1204C46C1B /* [CP] Check Pods Manifest.lock */,
				5DC1673B2937FA27000B49E7 /* Sources */,
				5DC1673C2937FA27000B49E7 /* Frameworks */,
				5DC1673D2937FA27000B49E7 /* Resources */,
				07FD0435106820195F30EE43 /* [CP] Embed Pods Frameworks */,
				59AF129FE1E1B2DDB4352749 /* [CP] Copy Pods Resources */,
			);
			buildRules = (
			);
			dependencies = (
			);
			name = WeatherApp;
			productName = WeatherApp;
			productReference = 5DC1673F2937FA27000B49E7 /* WeatherApp.app */;
			productType = "com.apple.product-type.application";
		};
/* End PBXNativeTarget section */

/* Begin PBXProject section */
		5DC167372937FA27000B49E7 /* Project object */ = {
			isa = PBXProject;
			attributes = {
				BuildIndependentTargetsInParallel = 1;
				LastSwiftUpdateCheck = 1410;
				LastUpgradeCheck = 1410;
				TargetAttributes = {
					5DC1673E2937FA27000B49E7 = {
						CreatedOnToolsVersion = 14.1;
					};
				};
			};
			buildConfigurationList = 5DC1673A2937FA27000B49E7 /* Build configuration list for PBXProject "WeatherApp" */;
			compatibilityVersion = "Xcode 14.0";
			developmentRegion = en;
			hasScannedForEncodings = 0;
			knownRegions = (
				en,
				Base,
			);
			mainGroup = 5DC167362937FA27000B49E7;
			productRefGroup = 5DC167402937FA27000B49E7 /* Products */;
			projectDirPath = "";
			projectRoot = "";
			targets = (
				5DC1673E2937FA27000B49E7 /* WeatherApp */,
			);
		};
/* End PBXProject section */

/* Begin PBXResourcesBuildPhase section */
		5DC1673D2937FA27000B49E7 /* Resources */ = {
			isa = PBXResourcesBuildPhase;
			buildActionMask = 2147483647;
			files = (
				5DC1674F2937FA28000B49E7 /* LaunchScreen.storyboard in Resources */,
				5DC70BBF2938052800A75CDB /* MainViewController.xib in Resources */,
				5DC70BD4293A5C0600A75CDB /* ForecastCell.xib in Resources */,
				5DC70BC929382AB600A75CDB /* HourlyForecastCell.xib in Resources */,
				5DC1674C2937FA28000B49E7 /* Assets.xcassets in Resources */,
				5DB03822293C03330032D347 /* HourlyCollectionViewCell.xib in Resources */,
			);
			runOnlyForDeploymentPostprocessing = 0;
		};
/* End PBXResourcesBuildPhase section */

/* Begin PBXShellScriptBuildPhase section */
		07FD0435106820195F30EE43 /* [CP] Embed Pods Frameworks */ = {
			isa = PBXShellScriptBuildPhase;
			buildActionMask = 2147483647;
			files = (
			);
			inputFileListPaths = (
				"${PODS_ROOT}/Target Support Files/Pods-WeatherApp/Pods-WeatherApp-frameworks-${CONFIGURATION}-input-files.xcfilelist",
			);
			name = "[CP] Embed Pods Frameworks";
			outputFileListPaths = (
				"${PODS_ROOT}/Target Support Files/Pods-WeatherApp/Pods-WeatherApp-frameworks-${CONFIGURATION}-output-files.xcfilelist",
			);
			runOnlyForDeploymentPostprocessing = 0;
			shellPath = /bin/sh;
			shellScript = "\"${PODS_ROOT}/Target Support Files/Pods-WeatherApp/Pods-WeatherApp-frameworks.sh\"\n";
			showEnvVarsInLog = 0;
		};
		59AF129FE1E1B2DDB4352749 /* [CP] Copy Pods Resources */ = {
			isa = PBXShellScriptBuildPhase;
			buildActionMask = 2147483647;
			files = (
			);
			inputFileListPaths = (
				"${PODS_ROOT}/Target Support Files/Pods-WeatherApp/Pods-WeatherApp-resources-${CONFIGURATION}-input-files.xcfilelist",
			);
			name = "[CP] Copy Pods Resources";
			outputFileListPaths = (
				"${PODS_ROOT}/Target Support Files/Pods-WeatherApp/Pods-WeatherApp-resources-${CONFIGURATION}-output-files.xcfilelist",
			);
			runOnlyForDeploymentPostprocessing = 0;
			shellPath = /bin/sh;
			shellScript = "\"${PODS_ROOT}/Target Support Files/Pods-WeatherApp/Pods-WeatherApp-resources.sh\"\n";
			showEnvVarsInLog = 0;
		};
		DFE1A1574AC53B1204C46C1B /* [CP] Check Pods Manifest.lock */ = {
			isa = PBXShellScriptBuildPhase;
			buildActionMask = 2147483647;
			files = (
			);
			inputFileListPaths = (
			);
			inputPaths = (
				"${PODS_PODFILE_DIR_PATH}/Podfile.lock",
				"${PODS_ROOT}/Manifest.lock",
			);
			name = "[CP] Check Pods Manifest.lock";
			outputFileListPaths = (
			);
			outputPaths = (
				"$(DERIVED_FILE_DIR)/Pods-WeatherApp-checkManifestLockResult.txt",
			);
			runOnlyForDeploymentPostprocessing = 0;
			shellPath = /bin/sh;
			shellScript = "diff \"${PODS_PODFILE_DIR_PATH}/Podfile.lock\" \"${PODS_ROOT}/Manifest.lock\" > /dev/null\nif [ $? != 0 ] ; then\n    # print error to STDERR\n    echo \"error: The sandbox is not in sync with the Podfile.lock. Run 'pod install' or update your CocoaPods installation.\" >&2\n    exit 1\nfi\n# This output is used by Xcode 'outputs' to avoid re-running this script phase.\necho \"SUCCESS\" > \"${SCRIPT_OUTPUT_FILE_0}\"\n";
			showEnvVarsInLog = 0;
		};
/* End PBXShellScriptBuildPhase section */

/* Begin PBXSourcesBuildPhase section */
		5DC1673B2937FA27000B49E7 /* Sources */ = {
			isa = PBXSourcesBuildPhase;
			buildActionMask = 2147483647;
			files = (
				5DD45BA4293F7BF600B8150F /* DependencyInjectionManager.swift in Sources */,
				5DB03833293E04F60032D347 /* GooglePlacesManager.swift in Sources */,
				5DB03825293CB22D0032D347 /* SearchViewController.swift in Sources */,
				5DD45BA2293F47ED00B8150F /* MapViewPresenter.swift in Sources */,
				5DC70BCC2938C99E00A75CDB /* NetworkManager.swift in Sources */,
				5DC70BD0293A177200A75CDB /* MainViewPresenter.swift in Sources */,
				5DC70BC829382AB600A75CDB /* HourlyForecastCell.swift in Sources */,
				5DC70BCE293A101B00A75CDB /* WeatherResponse.swift in Sources */,
				5DB03815293AB1A20032D347 /* Extensions+String.swift in Sources */,
				5DB0381D293B70BC0032D347 /* Extensions+UIView.swift in Sources */,
				5DB0382B293CB5930032D347 /* ResultsViewController.swift in Sources */,
				5DB0381B293B70000032D347 /* LoadingView.swift in Sources */,
				5DB03821293C03330032D347 /* HourlyCollectionViewCell.swift in Sources */,
				5DC70BD3293A5C0600A75CDB /* ForecastCell.swift in Sources */,
				5DC70BBE2938052800A75CDB /* MainViewController.swift in Sources */,
				5DC167432937FA27000B49E7 /* AppDelegate.swift in Sources */,
				5DB03818293B63180032D347 /* WindDirection.swift in Sources */,
				5DC167452937FA27000B49E7 /* SceneDelegate.swift in Sources */,
				5DB03810293A80B80032D347 /* Constants.swift in Sources */,
				5DB03828293CB2B80032D347 /* MapViewController.swift in Sources */,
			);
			runOnlyForDeploymentPostprocessing = 0;
		};
/* End PBXSourcesBuildPhase section */

/* Begin PBXVariantGroup section */
		5DC1674D2937FA28000B49E7 /* LaunchScreen.storyboard */ = {
			isa = PBXVariantGroup;
			children = (
				5DC1674E2937FA28000B49E7 /* Base */,
			);
			name = LaunchScreen.storyboard;
			sourceTree = "<group>";
		};
/* End PBXVariantGroup section */

/* Begin XCBuildConfiguration section */
		5DC167512937FA28000B49E7 /* Debug */ = {
			isa = XCBuildConfiguration;
			buildSettings = {
				ALWAYS_SEARCH_USER_PATHS = NO;
				CLANG_ANALYZER_NONNULL = YES;
				CLANG_ANALYZER_NUMBER_OBJECT_CONVERSION = YES_AGGRESSIVE;
				CLANG_CXX_LANGUAGE_STANDARD = "gnu++20";
				CLANG_ENABLE_MODULES = YES;
				CLANG_ENABLE_OBJC_ARC = YES;
				CLANG_ENABLE_OBJC_WEAK = YES;
				CLANG_WARN_BLOCK_CAPTURE_AUTORELEASING = YES;
				CLANG_WARN_BOOL_CONVERSION = YES;
				CLANG_WARN_COMMA = YES;
				CLANG_WARN_CONSTANT_CONVERSION = YES;
				CLANG_WARN_DEPRECATED_OBJC_IMPLEMENTATIONS = YES;
				CLANG_WARN_DIRECT_OBJC_ISA_USAGE = YES_ERROR;
				CLANG_WARN_DOCUMENTATION_COMMENTS = YES;
				CLANG_WARN_EMPTY_BODY = YES;
				CLANG_WARN_ENUM_CONVERSION = YES;
				CLANG_WARN_INFINITE_RECURSION = YES;
				CLANG_WARN_INT_CONVERSION = YES;
				CLANG_WARN_NON_LITERAL_NULL_CONVERSION = YES;
				CLANG_WARN_OBJC_IMPLICIT_RETAIN_SELF = YES;
				CLANG_WARN_OBJC_LITERAL_CONVERSION = YES;
				CLANG_WARN_OBJC_ROOT_CLASS = YES_ERROR;
				CLANG_WARN_QUOTED_INCLUDE_IN_FRAMEWORK_HEADER = YES;
				CLANG_WARN_RANGE_LOOP_ANALYSIS = YES;
				CLANG_WARN_STRICT_PROTOTYPES = YES;
				CLANG_WARN_SUSPICIOUS_MOVE = YES;
				CLANG_WARN_UNGUARDED_AVAILABILITY = YES_AGGRESSIVE;
				CLANG_WARN_UNREACHABLE_CODE = YES;
				CLANG_WARN__DUPLICATE_METHOD_MATCH = YES;
				COPY_PHASE_STRIP = NO;
				DEBUG_INFORMATION_FORMAT = dwarf;
				ENABLE_STRICT_OBJC_MSGSEND = YES;
				ENABLE_TESTABILITY = YES;
				GCC_C_LANGUAGE_STANDARD = gnu11;
				GCC_DYNAMIC_NO_PIC = NO;
				GCC_NO_COMMON_BLOCKS = YES;
				GCC_OPTIMIZATION_LEVEL = 0;
				GCC_PREPROCESSOR_DEFINITIONS = (
					"DEBUG=1",
					"$(inherited)",
				);
				GCC_WARN_64_TO_32_BIT_CONVERSION = YES;
				GCC_WARN_ABOUT_RETURN_TYPE = YES_ERROR;
				GCC_WARN_UNDECLARED_SELECTOR = YES;
				GCC_WARN_UNINITIALIZED_AUTOS = YES_AGGRESSIVE;
				GCC_WARN_UNUSED_FUNCTION = YES;
				GCC_WARN_UNUSED_VARIABLE = YES;
				IPHONEOS_DEPLOYMENT_TARGET = 16.1;
				MTL_ENABLE_DEBUG_INFO = INCLUDE_SOURCE;
				MTL_FAST_MATH = YES;
				ONLY_ACTIVE_ARCH = YES;
				SDKROOT = iphoneos;
				SWIFT_ACTIVE_COMPILATION_CONDITIONS = DEBUG;
				SWIFT_OPTIMIZATION_LEVEL = "-Onone";
			};
			name = Debug;
		};
		5DC167522937FA28000B49E7 /* Release */ = {
			isa = XCBuildConfiguration;
			buildSettings = {
				ALWAYS_SEARCH_USER_PATHS = NO;
				CLANG_ANALYZER_NONNULL = YES;
				CLANG_ANALYZER_NUMBER_OBJECT_CONVERSION = YES_AGGRESSIVE;
				CLANG_CXX_LANGUAGE_STANDARD = "gnu++20";
				CLANG_ENABLE_MODULES = YES;
				CLANG_ENABLE_OBJC_ARC = YES;
				CLANG_ENABLE_OBJC_WEAK = YES;
				CLANG_WARN_BLOCK_CAPTURE_AUTORELEASING = YES;
				CLANG_WARN_BOOL_CONVERSION = YES;
				CLANG_WARN_COMMA = YES;
				CLANG_WARN_CONSTANT_CONVERSION = YES;
				CLANG_WARN_DEPRECATED_OBJC_IMPLEMENTATIONS = YES;
				CLANG_WARN_DIRECT_OBJC_ISA_USAGE = YES_ERROR;
				CLANG_WARN_DOCUMENTATION_COMMENTS = YES;
				CLANG_WARN_EMPTY_BODY = YES;
				CLANG_WARN_ENUM_CONVERSION = YES;
				CLANG_WARN_INFINITE_RECURSION = YES;
				CLANG_WARN_INT_CONVERSION = YES;
				CLANG_WARN_NON_LITERAL_NULL_CONVERSION = YES;
				CLANG_WARN_OBJC_IMPLICIT_RETAIN_SELF = YES;
				CLANG_WARN_OBJC_LITERAL_CONVERSION = YES;
				CLANG_WARN_OBJC_ROOT_CLASS = YES_ERROR;
				CLANG_WARN_QUOTED_INCLUDE_IN_FRAMEWORK_HEADER = YES;
				CLANG_WARN_RANGE_LOOP_ANALYSIS = YES;
				CLANG_WARN_STRICT_PROTOTYPES = YES;
				CLANG_WARN_SUSPICIOUS_MOVE = YES;
				CLANG_WARN_UNGUARDED_AVAILABILITY = YES_AGGRESSIVE;
				CLANG_WARN_UNREACHABLE_CODE = YES;
				CLANG_WARN__DUPLICATE_METHOD_MATCH = YES;
				COPY_PHASE_STRIP = NO;
				DEBUG_INFORMATION_FORMAT = "dwarf-with-dsym";
				ENABLE_NS_ASSERTIONS = NO;
				ENABLE_STRICT_OBJC_MSGSEND = YES;
				GCC_C_LANGUAGE_STANDARD = gnu11;
				GCC_NO_COMMON_BLOCKS = YES;
				GCC_WARN_64_TO_32_BIT_CONVERSION = YES;
				GCC_WARN_ABOUT_RETURN_TYPE = YES_ERROR;
				GCC_WARN_UNDECLARED_SELECTOR = YES;
				GCC_WARN_UNINITIALIZED_AUTOS = YES_AGGRESSIVE;
				GCC_WARN_UNUSED_FUNCTION = YES;
				GCC_WARN_UNUSED_VARIABLE = YES;
				IPHONEOS_DEPLOYMENT_TARGET = 16.1;
				MTL_ENABLE_DEBUG_INFO = NO;
				MTL_FAST_MATH = YES;
				SDKROOT = iphoneos;
				SWIFT_COMPILATION_MODE = wholemodule;
				SWIFT_OPTIMIZATION_LEVEL = "-O";
				VALIDATE_PRODUCT = YES;
			};
			name = Release;
		};
		5DC167542937FA28000B49E7 /* Debug */ = {
			isa = XCBuildConfiguration;
			baseConfigurationReference = 78028143D61FD42388C3B38A /* Pods-WeatherApp.debug.xcconfig */;
			buildSettings = {
				ASSETCATALOG_COMPILER_APPICON_NAME = AppIcon;
				ASSETCATALOG_COMPILER_GLOBAL_ACCENT_COLOR_NAME = AccentColor;
				CODE_SIGN_STYLE = Automatic;
				CURRENT_PROJECT_VERSION = 1;
				DEVELOPMENT_TEAM = 4SPJS2ZBYA;
				GENERATE_INFOPLIST_FILE = YES;
				INFOPLIST_FILE = WeatherApp/Application/Info.plist;
				INFOPLIST_KEY_UIApplicationSupportsIndirectInputEvents = YES;
				INFOPLIST_KEY_UILaunchStoryboardName = LaunchScreen;
				INFOPLIST_KEY_UISupportedInterfaceOrientations_iPad = "UIInterfaceOrientationPortrait UIInterfaceOrientationPortraitUpsideDown UIInterfaceOrientationLandscapeLeft UIInterfaceOrientationLandscapeRight";
				INFOPLIST_KEY_UISupportedInterfaceOrientations_iPhone = "UIInterfaceOrientationPortrait UIInterfaceOrientationLandscapeLeft UIInterfaceOrientationLandscapeRight";
				IPHONEOS_DEPLOYMENT_TARGET = 16.0;
				LD_RUNPATH_SEARCH_PATHS = (
					"$(inherited)",
					"@executable_path/Frameworks",
				);
				MARKETING_VERSION = 1.0;
				ONLY_ACTIVE_ARCH = YES;
				PRODUCT_BUNDLE_IDENTIFIER = alina.com.WeatherApp;
				PRODUCT_NAME = "$(TARGET_NAME)";
				SWIFT_EMIT_LOC_STRINGS = YES;
				SWIFT_VERSION = 5.0;
				TARGETED_DEVICE_FAMILY = "1,2";
			};
			name = Debug;
		};
		5DC167552937FA28000B49E7 /* Release */ = {
			isa = XCBuildConfiguration;
			baseConfigurationReference = E6F4EDE74CF21ED8DBD96700 /* Pods-WeatherApp.release.xcconfig */;
			buildSettings = {
				ASSETCATALOG_COMPILER_APPICON_NAME = AppIcon;
				ASSETCATALOG_COMPILER_GLOBAL_ACCENT_COLOR_NAME = AccentColor;
				CODE_SIGN_STYLE = Automatic;
				CURRENT_PROJECT_VERSION = 1;
				DEVELOPMENT_TEAM = 4SPJS2ZBYA;
				GENERATE_INFOPLIST_FILE = YES;
				INFOPLIST_FILE = WeatherApp/Application/Info.plist;
				INFOPLIST_KEY_UIApplicationSupportsIndirectInputEvents = YES;
				INFOPLIST_KEY_UILaunchStoryboardName = LaunchScreen;
				INFOPLIST_KEY_UISupportedInterfaceOrientations_iPad = "UIInterfaceOrientationPortrait UIInterfaceOrientationPortraitUpsideDown UIInterfaceOrientationLandscapeLeft UIInterfaceOrientationLandscapeRight";
				INFOPLIST_KEY_UISupportedInterfaceOrientations_iPhone = "UIInterfaceOrientationPortrait UIInterfaceOrientationLandscapeLeft UIInterfaceOrientationLandscapeRight";
				IPHONEOS_DEPLOYMENT_TARGET = 16.0;
				LD_RUNPATH_SEARCH_PATHS = (
					"$(inherited)",
					"@executable_path/Frameworks",
				);
				MARKETING_VERSION = 1.0;
				ONLY_ACTIVE_ARCH = NO;
				PRODUCT_BUNDLE_IDENTIFIER = alina.com.WeatherApp;
				PRODUCT_NAME = "$(TARGET_NAME)";
				SWIFT_EMIT_LOC_STRINGS = YES;
				SWIFT_VERSION = 5.0;
				TARGETED_DEVICE_FAMILY = "1,2";
			};
			name = Release;
		};
/* End XCBuildConfiguration section */

/* Begin XCConfigurationList section */
		5DC1673A2937FA27000B49E7 /* Build configuration list for PBXProject "WeatherApp" */ = {
			isa = XCConfigurationList;
			buildConfigurations = (
				5DC167512937FA28000B49E7 /* Debug */,
				5DC167522937FA28000B49E7 /* Release */,
			);
			defaultConfigurationIsVisible = 0;
			defaultConfigurationName = Release;
		};
		5DC167532937FA28000B49E7 /* Build configuration list for PBXNativeTarget "WeatherApp" */ = {
			isa = XCConfigurationList;
			buildConfigurations = (
				5DC167542937FA28000B49E7 /* Debug */,
				5DC167552937FA28000B49E7 /* Release */,
			);
			defaultConfigurationIsVisible = 0;
			defaultConfigurationName = Release;
		};
/* End XCConfigurationList section */
	};
	rootObject = 5DC167372937FA27000B49E7 /* Project object */;
}
